
Microsoft Visual Studio Solution File, Format Version 12.00
# Visual Studio Version 17
VisualStudioVersion = 17.0.31903.59
MinimumVisualStudioVersion = 10.0.40219.1
Project("{9A19103F-16F7-4668-BE54-9A1E7A4F7556}") = "SportsStore", "SportsStore\SportsStore.csproj", "{48587659-D026-44D2-BE66-E15F6741FEFA}"
EndProject
Project("{9A19103F-16F7-4668-BE54-9A1E7A4F7556}") = "SportsStore.Tests", "SportsStore.Tests\SportsStore.Tests.csproj", "{3808613D-DCAA-4706-B38F-546EB8EF6B6B}"
EndProject
Global
	GlobalSection(SolutionConfigurationPlatforms) = preSolution
		Debug|Any CPU = Debug|Any CPU
		Release|Any CPU = Release|Any CPU
	EndGlobalSection
	GlobalSection(ProjectConfigurationPlatforms) = postSolution
		{48587659-D026-44D2-BE66-E15F6741FEFA}.Debug|Any CPU.ActiveCfg = Debug|Any CPU
		{48587659-D026-44D2-BE66-E15F6741FEFA}.Debug|Any CPU.Build.0 = Debug|Any CPU
		{48587659-D026-44D2-BE66-E15F6741FEFA}.Release|Any CPU.ActiveCfg = Release|Any CPU
		{48587659-D026-44D2-BE66-E15F6741FEFA}.Release|Any CPU.Build.0 = Release|Any CPU
		{3808613D-DCAA-4706-B38F-546EB8EF6B6B}.Debug|Any CPU.ActiveCfg = Debug|Any CPU
		{3808613D-DCAA-4706-B38F-546EB8EF6B6B}.Debug|Any CPU.Build.0 = Debug|Any CPU
		{3808613D-DCAA-4706-B38F-546EB8EF6B6B}.Release|Any CPU.ActiveCfg = Release|Any CPU
		{3808613D-DCAA-4706-B38F-546EB8EF6B6B}.Release|Any CPU.Build.0 = Release|Any CPU
	EndGlobalSection
	GlobalSection(SolutionProperties) = preSolution
		HideSolutionNode = FALSE
	EndGlobalSection
	GlobalSection(ExtensibilityGlobals) = postSolution
		SolutionGuid = {FA54A995-0F54-43E3-8E62-36154FFB86CB}
	EndGlobalSection
EndGlobal
